{
  "name": "backend",
  "lockfileVersion": 3,
  "requires": true,
  "packages": {
    "": {
      "dependencies": {
        "echarts": "^6.0.0",
        "mapv": "^2.0.62"
      }
    },
    "node_modules/babel-plugin-external-helpers": {
      "version": "6.22.0",
      "resolved": "https://registry.npmmirror.com/babel-plugin-external-helpers/-/babel-plugin-external-helpers-6.22.0.tgz",
      "integrity": "sha512-TdAMiM6MzLokhk3yCA0KCctmivVZ/mmCwbp7YPmRGkqh2KkcNuxE3R0jxuYU+4xmvfMZx4p4uo8d1cT9t5BLxA==",
      "license": "MIT",
      "dependencies": {
        "babel-runtime": "^6.22.0"
      }
    },
    "node_modules/babel-runtime": {
      "version": "6.26.0",
      "resolved": "https://registry.npmmirror.com/babel-runtime/-/babel-runtime-6.26.0.tgz",
      "integrity": "sha512-ITKNuq2wKlW1fJg9sSW52eepoYgZBggvOAHC0u/CYu/qxQ9EVzThCgR69BnSXLHjy2f7SY5zaQ4yt7H9ZVxY2g==",
      "license": "MIT",
      "dependencies": {
        "core-js": "^2.4.0",
        "regenerator-runtime": "^0.11.0"
      }
    },
    "node_modules/core-js": {
      "version": "2.6.12",
      "resolved": "https://registry.npmmirror.com/core-js/-/core-js-2.6.12.tgz",
      "integrity": "sha512-Kb2wC0fvsWfQrgk8HU5lW6U/Lcs8+9aaYcy4ZFc6DDlo4nZ7n70dEgE5rtR0oG6ufKDUnrwfWL1mXR5ljDatrQ==",
      "deprecated": "core-js@<3.23.3 is no longer maintained and not recommended for usage due to the number of issues. Because of the V8 engine whims, feature detection in old core-js versions could cause a slowdown up to 100x even if nothing is polyfilled. Some versions have web compatibility issues. Please, upgrade your dependencies to the actual version of core-js.",
      "hasInstallScript": true,
      "license": "MIT"
    },
    "node_modules/echarts": {
      "version": "6.0.0",
      "resolved": "https://registry.npmmirror.com/echarts/-/echarts-6.0.0.tgz",
      "integrity": "sha512-Tte/grDQRiETQP4xz3iZWSvoHrkCQtwqd6hs+mifXcjrCuo2iKWbajFObuLJVBlDIJlOzgQPd1hsaKt/3+OMkQ==",
      "license": "Apache-2.0",
      "dependencies": {
        "tslib": "2.3.0",
        "zrender": "6.0.0"
      }
    },
    "node_modules/mapv": {
      "version": "2.0.62",
      "resolved": "https://registry.npmmirror.com/mapv/-/mapv-2.0.62.tgz",
      "integrity": "sha512-P/diaWXuH+vJHVON//RBA7nCEdJAdafwN3Hys/TVYB6e3n7emqlQm+r9qy2xYV0GuxflRhbEeMPJWVIK5HEEqw==",
      "license": "ISC",
      "dependencies": {
        "babel-plugin-external-helpers": "^6.22.0"
      }
    },
    "node_modules/regenerator-runtime": {
      "version": "0.11.1",
      "resolved": "https://registry.npmmirror.com/regenerator-runtime/-/regenerator-runtime-0.11.1.tgz",
      "integrity": "sha512-MguG95oij0fC3QV3URf4V2SDYGJhJnJGqvIIgdECeODCT98wSWDAJ94SSuVpYQUoTcGUIL6L4yNB7j1DFFHSBg==",
      "license": "MIT"
    },
    "node_modules/tslib": {
      "version": "2.3.0",
      "resolved": "https://registry.npmmirror.com/tslib/-/tslib-2.3.0.tgz",
      "integrity": "sha512-N82ooyxVNm6h1riLCoyS9e3fuJ3AMG2zIZs2Gd1ATcSFjSA23Q0fzjjZeh0jbJvWVDZ0cJT8yaNNaaXHzueNjg==",
      "license": "0BSD"
    },
    "node_modules/zrender": {
      "version": "6.0.0",
      "resolved": "https://registry.npmmirror.com/zrender/-/zrender-6.0.0.tgz",
      "integrity": "sha512-41dFXEEXuJpNecuUQq6JlbybmnHaqqpGlbH1yxnA5V9MMP4SbohSVZsJIwz+zdjQXSSlR1Vc34EgH1zxyTDvhg==",
      "license": "BSD-3-Clause",
      "dependencies": {
        "tslib": "2.3.0"
      }
    }
  }
}
